
Microsoft Visual Studio Solution File, Format Version 12.00
# Visual Studio Version 16
VisualStudioVersion = 16.0.30804.86
MinimumVisualStudioVersion = 10.0.40219.1
Project("{9A19103F-16F7-4668-BE54-9A1E7A4F7556}") = "ASM.Server", "ASM.Server\ASM.Server.csproj", "{DAE247A3-909F-49BF-BC76-D7AFE0640550}"
EndProject
Project("{9A19103F-16F7-4668-BE54-9A1E7A4F7556}") = "ASM.Share", "ASM.Share\ASM.Share.csproj", "{8AC13412-00CC-4489-ACB8-1EA3680E96AC}"
EndProject
Project("{9A19103F-16F7-4668-BE54-9A1E7A4F7556}") = "ASM.API", "ASM.API\ASM.API.csproj", "{009489AA-E888-4FD4-8042-599F7AB9D843}"
EndProject
Project("{9A19103F-16F7-4668-BE54-9A1E7A4F7556}") = "ASM.Client", "ASM.Client\ASM.Client.csproj", "{E760C25C-E6BA-4BC7-AC5D-E7CC5F12F40C}"
EndProject
Global
	GlobalSection(SolutionConfigurationPlatforms) = preSolution
		Debug|Any CPU = Debug|Any CPU
		Release|Any CPU = Release|Any CPU
	EndGlobalSection
	GlobalSection(ProjectConfigurationPlatforms) = postSolution
		{DAE247A3-909F-49BF-BC76-D7AFE0640550}.Debug|Any CPU.ActiveCfg = Debug|Any CPU
		{DAE247A3-909F-49BF-BC76-D7AFE0640550}.Debug|Any CPU.Build.0 = Debug|Any CPU
		{DAE247A3-909F-49BF-BC76-D7AFE0640550}.Release|Any CPU.ActiveCfg = Release|Any CPU
		{DAE247A3-909F-49BF-BC76-D7AFE0640550}.Release|Any CPU.Build.0 = Release|Any CPU
		{8AC13412-00CC-4489-ACB8-1EA3680E96AC}.Debug|Any CPU.ActiveCfg = Debug|Any CPU
		{8AC13412-00CC-4489-ACB8-1EA3680E96AC}.Debug|Any CPU.Build.0 = Debug|Any CPU
		{8AC13412-00CC-4489-ACB8-1EA3680E96AC}.Release|Any CPU.ActiveCfg = Release|Any CPU
		{8AC13412-00CC-4489-ACB8-1EA3680E96AC}.Release|Any CPU.Build.0 = Release|Any CPU
		{009489AA-E888-4FD4-8042-599F7AB9D843}.Debug|Any CPU.ActiveCfg = Debug|Any CPU
		{009489AA-E888-4FD4-8042-599F7AB9D843}.Debug|Any CPU.Build.0 = Debug|Any CPU
		{009489AA-E888-4FD4-8042-599F7AB9D843}.Release|Any CPU.ActiveCfg = Release|Any CPU
		{009489AA-E888-4FD4-8042-599F7AB9D843}.Release|Any CPU.Build.0 = Release|Any CPU
		{E760C25C-E6BA-4BC7-AC5D-E7CC5F12F40C}.Debug|Any CPU.ActiveCfg = Debug|Any CPU
		{E760C25C-E6BA-4BC7-AC5D-E7CC5F12F40C}.Debug|Any CPU.Build.0 = Debug|Any CPU
		{E760C25C-E6BA-4BC7-AC5D-E7CC5F12F40C}.Release|Any CPU.ActiveCfg = Release|Any CPU
		{E760C25C-E6BA-4BC7-AC5D-E7CC5F12F40C}.Release|Any CPU.Build.0 = Release|Any CPU
	EndGlobalSection
	GlobalSection(SolutionProperties) = preSolution
		HideSolutionNode = FALSE
	EndGlobalSection
	GlobalSection(ExtensibilityGlobals) = postSolution
		SolutionGuid = {090E402F-E543-4C44-8A3A-8673CC8C3413}
	EndGlobalSection
EndGlobal
